<?xml version="1.0" encoding="utf-8"?>
<Project ToolsVersion="4.0" xmlns="http://schemas.microsoft.com/developer/msbuild/2003">
  <ItemGroup>
    <Filter Include="Fichiers sources">
      <UniqueIdentifier>{4FC737F1-C7A5-4376-A066-2A32D752A2FF}</UniqueIdentifier>
      <Extensions>cpp;c;cc;cxx;def;odl;idl;hpj;bat;asm;asmx</Extensions>
    </Filter>
    <Filter Include="Fichiers d%27en-tête">
      <UniqueIdentifier>{93995380-89BD-4b04-88EB-625FBE52EBFB}</UniqueIdentifier>
      <Extensions>h;hpp;hxx;hm;inl;inc;xsd</Extensions>
    </Filter>
    <Filter Include="Fichiers de ressources">
      <UniqueIdentifier>{67DA6AB6-F800-4c08-8B7A-83BB121AAD01}</UniqueIdentifier>
      <Extensions>rc;ico;cur;bmp;dlg;rc2;rct;bin;rgs;gif;jpg;jpeg;jpe;resx;tiff;tif;png;wav;mfcribbon-ms</Extensions>
    </Filter>
    <Filter Include="Fichiers d%27en-tête\core">
      <UniqueIdentifier>{3f7f0647-fc96-4350-aa95-cf7e3eecb717}</UniqueIdentifier>
    </Filter>
    <Filter Include="Fichiers d%27en-tête\core\engine">
      <UniqueIdentifier>{b6539c05-e881-4958-8337-c3bef04f08a3}</UniqueIdentifier>
    </Filter>
    <Filter Include="Fichiers d%27en-tête\core\services">
      <UniqueIdentifier>{b0209ed0-06d5-4624-9b0b-f11dc81b5156}</UniqueIdentifier>
    </Filter>
    <Filter Include="Fichiers d%27en-tête\utilities">
      <UniqueIdentifier>{4db24dc9-2bb1-4b12-b3cc-c61a975a5ea1}</UniqueIdentifier>
    </Filter>
    <Filter Include="Fichiers sources\core">
      <UniqueIdentifier>{6651d008-7127-4246-b05c-3c3d8048fd09}</UniqueIdentifier>
    </Filter>
    <Filter Include="Fichiers sources\core\engine">
      <UniqueIdentifier>{3367ff57-d850-48f9-b483-9bd450a480a3}</UniqueIdentifier>
    </Filter>
    <Filter Include="Fichiers sources\core\services">
      <UniqueIdentifier>{b6f52a03-887b-410c-af50-ad74199156c1}</UniqueIdentifier>
    </Filter>
    <Filter Include="Fichiers sources\utilities">
      <UniqueIdentifier>{ae2ed759-8bf2-42a2-b886-b3383a557cf3}</UniqueIdentifier>
    </Filter>
    <Filter Include="Fichiers d%27en-tête\core\services\capture">
      <UniqueIdentifier>{44dd5792-06ba-412d-88bd-7a76175bb513}</UniqueIdentifier>
    </Filter>
    <Filter Include="Fichiers d%27en-tête\core\services\colordetection">
      <UniqueIdentifier>{7a1f4c69-56c0-4021-9e48-8c56497db251}</UniqueIdentifier>
    </Filter>
    <Filter Include="Fichiers d%27en-tête\core\services\patterndetection">
      <UniqueIdentifier>{753eda9a-2a62-40e7-b1f3-6a9d4f6ccce7}</UniqueIdentifier>
    </Filter>
    <Filter Include="Fichiers d%27en-tête\core\services\display">
      <UniqueIdentifier>{a5693a3b-26c2-4f2c-a33b-58419f85eb9c}</UniqueIdentifier>
    </Filter>
    <Filter Include="Fichiers d%27en-tête\core\services\writer">
      <UniqueIdentifier>{6c1d49c6-5845-48df-b0fa-1d4c7b4d6487}</UniqueIdentifier>
    </Filter>
    <Filter Include="Fichiers sources\core\services\writer">
      <UniqueIdentifier>{51905172-890f-4c11-bc17-8717987a19bf}</UniqueIdentifier>
    </Filter>
    <Filter Include="Fichiers sources\core\services\patterndetection">
      <UniqueIdentifier>{46ee9f90-e743-44e3-b47f-b39982c87819}</UniqueIdentifier>
    </Filter>
    <Filter Include="Fichiers sources\core\services\display">
      <UniqueIdentifier>{84b09c8d-0886-47ba-a8c9-671a389aa598}</UniqueIdentifier>
    </Filter>
    <Filter Include="Fichiers sources\core\services\colordetection">
      <UniqueIdentifier>{bb84cbe4-5deb-45bb-a91a-99fa5ecc1893}</UniqueIdentifier>
    </Filter>
    <Filter Include="Fichiers sources\core\services\capture">
      <UniqueIdentifier>{08f94da2-9e98-49fa-8065-d9a54fc39987}</UniqueIdentifier>
    </Filter>
    <Filter Include="Fichiers d%27en-tête\core\services\poseestimation">
      <UniqueIdentifier>{bfd1ab50-b2a8-4eb6-9ae9-a13902b2117b}</UniqueIdentifier>
    </Filter>
    <Filter Include="Fichiers sources\core\services\poseestimation">
      <UniqueIdentifier>{38a925b2-6d10-482c-b6c4-2eef6d8f0c83}</UniqueIdentifier>
    </Filter>
    <Filter Include="Fichiers d%27en-tête\core\services\positioning">
      <UniqueIdentifier>{f75a7d88-760b-40df-8055-09b485fa9a69}</UniqueIdentifier>
    </Filter>
    <Filter Include="Fichiers sources\core\services\positioning">
      <UniqueIdentifier>{150ed05c-4ad1-45f9-bf48-d50ae0835711}</UniqueIdentifier>
    </Filter>
    <Filter Include="Fichiers d%27en-tête\core\datas">
      <UniqueIdentifier>{534fa499-9939-450d-8d85-6ad2efec2aac}</UniqueIdentifier>
    </Filter>
    <Filter Include="Fichiers sources\core\services\objectdetection">
      <UniqueIdentifier>{e42b2d84-c046-46b8-80ef-7e87298ea0ba}</UniqueIdentifier>
    </Filter>
    <Filter Include="Fichiers d%27en-tête\core\services\objectdetection">
      <UniqueIdentifier>{eddb87d3-a8fd-49cc-8e8f-1c1e4d643f7d}</UniqueIdentifier>
    </Filter>
    <Filter Include="Fichiers d%27en-tête\core\events">
      <UniqueIdentifier>{dda68a76-47fd-46bb-b71f-3aa0f5598d5d}</UniqueIdentifier>
    </Filter>
    <Filter Include="Fichiers d%27en-tête\core\services\augmentedinterface">
      <UniqueIdentifier>{fccaa752-5662-4d35-84bc-a93d93177dc4}</UniqueIdentifier>
    </Filter>
    <Filter Include="Fichiers sources\core\services\augmentedinterface">
      <UniqueIdentifier>{02fcba74-3a97-4e72-8fc9-1049a9ecb54d}</UniqueIdentifier>
    </Filter>
  </ItemGroup>
  <ItemGroup>
    <ClInclude Include="IService.h">
      <Filter>Fichiers d%27en-tête\core\services</Filter>
    </ClInclude>
    <ClInclude Include="IEngine.h">
      <Filter>Fichiers d%27en-tête\core\engine</Filter>
    </ClInclude>
    <ClInclude Include="IServiceLayer.h">
      <Filter>Fichiers d%27en-tête\core\services</Filter>
    </ClInclude>
    <ClInclude Include="ServiceLayer.h">
      <Filter>Fichiers d%27en-tête\core\services</Filter>
    </ClInclude>
    <ClInclude Include="Engine.h">
      <Filter>Fichiers d%27en-tête\core\engine</Filter>
    </ClInclude>
    <ClInclude Include="CameraCaptureService.h">
      <Filter>Fichiers d%27en-tête\core\services\capture</Filter>
    </ClInclude>
    <ClInclude Include="ICaptureService.h">
      <Filter>Fichiers d%27en-tête\core\services\capture</Filter>
    </ClInclude>
    <ClInclude Include="ColorDetectionService.h">
      <Filter>Fichiers d%27en-tête\core\services\colordetection</Filter>
    </ClInclude>
    <ClInclude Include="IColorDetectionService.h">
      <Filter>Fichiers d%27en-tête\core\services\colordetection</Filter>
    </ClInclude>
    <ClInclude Include="IPatternDetectionService.h">
      <Filter>Fichiers d%27en-tête\core\services\patterndetection</Filter>
    </ClInclude>
    <ClInclude Include="DisplayImageService.h">
      <Filter>Fichiers d%27en-tête\core\services\display</Filter>
    </ClInclude>
    <ClInclude Include="IWriterService.h">
      <Filter>Fichiers d%27en-tête\core\services\writer</Filter>
    </ClInclude>
    <ClInclude Include="ipattern.h">
      <Filter>Fichiers d%27en-tête\core\services\patterndetection</Filter>
    </ClInclude>
    <ClInclude Include="Pattern.h">
      <Filter>Fichiers d%27en-tête\core\services\patterndetection</Filter>
    </ClInclude>
    <ClInclude Include="PatternDetectionService.h">
      <Filter>Fichiers d%27en-tête\core\services\patterndetection</Filter>
    </ClInclude>
    <ClInclude Include="DetectedPattern.h">
      <Filter>Fichiers d%27en-tête\core\services\patterndetection</Filter>
    </ClInclude>
    <ClInclude Include="IDetectedPattern.h">
      <Filter>Fichiers d%27en-tête\core\services\patterndetection</Filter>
    </ClInclude>
    <ClInclude Include="IPoseEstimatedPattern.h">
      <Filter>Fichiers d%27en-tête\core\services\poseestimation</Filter>
    </ClInclude>
    <ClInclude Include="IGraphic.h">
      <Filter>Fichiers d%27en-tête\core\services\positioning</Filter>
    </ClInclude>
    <ClInclude Include="PoseEstimatedPattern.h">
      <Filter>Fichiers d%27en-tête\core\services\poseestimation</Filter>
    </ClInclude>
    <ClInclude Include="IVisitor.h">
      <Filter>Fichiers d%27en-tête\core\services\positioning</Filter>
    </ClInclude>
    <ClInclude Include="FrameCube.h">
      <Filter>Fichiers d%27en-tête\core\services\positioning</Filter>
    </ClInclude>
    <ClInclude Include="Transform.h">
      <Filter>Fichiers d%27en-tête\core\services\positioning</Filter>
    </ClInclude>
    <ClInclude Include="PositioningVisitor.h">
      <Filter>Fichiers d%27en-tête\core\services\positioning</Filter>
    </ClInclude>
    <ClInclude Include="IPositioningService.h">
      <Filter>Fichiers d%27en-tête\core\services\positioning</Filter>
    </ClInclude>
    <ClInclude Include="PositioningService.h">
      <Filter>Fichiers d%27en-tête\core\services\positioning</Filter>
    </ClInclude>
    <ClInclude Include="Translation.h">
      <Filter>Fichiers d%27en-tête\core\services\positioning</Filter>
    </ClInclude>
    <ClInclude Include="Rotation.h">
      <Filter>Fichiers d%27en-tête\core\services\positioning</Filter>
    </ClInclude>
    <ClInclude Include="Blob.h">
      <Filter>Fichiers d%27en-tête\core\services\colordetection</Filter>
    </ClInclude>
    <ClInclude Include="ColorUtility.h">
      <Filter>Fichiers d%27en-tête\utilities</Filter>
    </ClInclude>
    <ClInclude Include="Cube.h">
      <Filter>Fichiers d%27en-tête\utilities</Filter>
    </ClInclude>
    <ClInclude Include="Face.h">
      <Filter>Fichiers d%27en-tête\utilities</Filter>
    </ClInclude>
    <ClInclude Include="IBlob.h">
      <Filter>Fichiers d%27en-tête\core\services\colordetection</Filter>
    </ClInclude>
    <ClInclude Include="IColorable.h">
      <Filter>Fichiers d%27en-tête\core\datas</Filter>
    </ClInclude>
    <ClInclude Include="IMarker.h">
      <Filter>Fichiers d%27en-tête\core\services\colordetection</Filter>
    </ClInclude>
    <ClInclude Include="IObjectDetectionService.h">
      <Filter>Fichiers d%27en-tête\core\services\objectdetection</Filter>
    </ClInclude>
    <ClInclude Include="IPoseEstimationService.h">
      <Filter>Fichiers d%27en-tête\core\services\poseestimation</Filter>
    </ClInclude>
    <ClInclude Include="Marker.h">
      <Filter>Fichiers d%27en-tête\core\services\colordetection</Filter>
    </ClInclude>
    <ClInclude Include="MathUtility.h">
      <Filter>Fichiers d%27en-tête\utilities</Filter>
    </ClInclude>
    <ClInclude Include="ObjectDetectionService.h">
      <Filter>Fichiers d%27en-tête\core\services\objectdetection</Filter>
    </ClInclude>
    <ClInclude Include="PoseEstimationService.h">
      <Filter>Fichiers d%27en-tête\core\services\poseestimation</Filter>
    </ClInclude>
    <ClInclude Include="VideoWriterService.h">
      <Filter>Fichiers d%27en-tête\core\services\writer</Filter>
    </ClInclude>
    <ClInclude Include="IEventHandler.h">
      <Filter>Fichiers d%27en-tête\core\events</Filter>
    </ClInclude>
    <ClInclude Include="IEvent.h">
      <Filter>Fichiers d%27en-tête\core\events</Filter>
    </ClInclude>
    <ClInclude Include="IEventNotifier.h">
      <Filter>Fichiers d%27en-tête\core\events</Filter>
    </ClInclude>
    <ClInclude Include="IAugmentedComponent.h">
      <Filter>Fichiers d%27en-tête\core\services\augmentedinterface</Filter>
    </ClInclude>
    <ClInclude Include="AugmentedColorButton.h">
      <Filter>Fichiers d%27en-tête\core\services\augmentedinterface</Filter>
    </ClInclude>
    <ClInclude Include="ColorButtonEvent.h">
      <Filter>Fichiers d%27en-tête\core\services\augmentedinterface</Filter>
    </ClInclude>
    <ClInclude Include="IAugmentedInterfaceService.h">
      <Filter>Fichiers d%27en-tête\core\services\augmentedinterface</Filter>
    </ClInclude>
    <ClInclude Include="AugmentedInterfaceService.h">
      <Filter>Fichiers d%27en-tête\core\services\augmentedinterface</Filter>
    </ClInclude>
    <ClInclude Include="TestEventHandler.h">
      <Filter>Fichiers d%27en-tête</Filter>
    </ClInclude>
    <ClInclude Include="Scaling.h">
      <Filter>Fichiers d%27en-tête\core\services\positioning</Filter>
    </ClInclude>
  </ItemGroup>
  <ItemGroup>
    <ClCompile Include="ServiceLayer.cpp">
      <Filter>Fichiers sources\core\services</Filter>
    </ClCompile>
    <ClCompile Include="Application.cpp">
      <Filter>Fichiers sources</Filter>
    </ClCompile>
    <ClCompile Include="IDisplayService.h">
      <Filter>Fichiers d%27en-tête\core\services\display</Filter>
    </ClCompile>
    <ClCompile Include="Engine.cpp">
      <Filter>Fichiers sources\core\engine</Filter>
    </ClCompile>
    <ClCompile Include="CameraCaptureService.cpp">
      <Filter>Fichiers sources\core\services\capture</Filter>
    </ClCompile>
    <ClCompile Include="ColorDetectionService.cpp">
      <Filter>Fichiers sources\core\services\colordetection</Filter>
    </ClCompile>
    <ClCompile Include="DisplayImageService.cpp">
      <Filter>Fichiers sources\core\services\display</Filter>
    </ClCompile>
    <ClCompile Include="Pattern.cpp">
      <Filter>Fichiers sources\core\services\patterndetection</Filter>
    </ClCompile>
    <ClCompile Include="PatternDetectionService.cpp">
      <Filter>Fichiers sources\core\services\patterndetection</Filter>
    </ClCompile>
    <ClCompile Include="DetectedPattern.cpp">
      <Filter>Fichiers sources\core\services\patterndetection</Filter>
    </ClCompile>
    <ClCompile Include="PoseEstimatedPattern.cpp">
      <Filter>Fichiers sources\core\services\poseestimation</Filter>
    </ClCompile>
    <ClCompile Include="FrameCube.cpp">
      <Filter>Fichiers sources\core\services\positioning</Filter>
    </ClCompile>
    <ClCompile Include="Transform.cpp">
      <Filter>Fichiers sources\core\services\positioning</Filter>
    </ClCompile>
    <ClCompile Include="PositioningVisitor.cpp">
      <Filter>Fichiers sources\core\services\positioning</Filter>
    </ClCompile>
    <ClCompile Include="PositioningService.cpp">
      <Filter>Fichiers sources\core\services\positioning</Filter>
    </ClCompile>
    <ClCompile Include="Translation.cpp">
      <Filter>Fichiers sources\core\services\positioning</Filter>
    </ClCompile>
    <ClCompile Include="Rotation.cpp">
      <Filter>Fichiers sources\core\services\positioning</Filter>
    </ClCompile>
    <ClCompile Include="PoseEstimationService.cpp">
      <Filter>Fichiers sources\core\services\poseestimation</Filter>
    </ClCompile>
    <ClCompile Include="ColorUtility.cpp">
      <Filter>Fichiers sources\utilities</Filter>
    </ClCompile>
    <ClCompile Include="Blob.cpp">
      <Filter>Fichiers sources\core\services\colordetection</Filter>
    </ClCompile>
    <ClCompile Include="Cube.cpp">
      <Filter>Fichiers sources\utilities</Filter>
    </ClCompile>
    <ClCompile Include="Face.cpp">
      <Filter>Fichiers sources\utilities</Filter>
    </ClCompile>
    <ClCompile Include="Marker.cpp">
      <Filter>Fichiers sources\utilities</Filter>
    </ClCompile>
    <ClCompile Include="MathUtility.cpp">
      <Filter>Fichiers sources\utilities</Filter>
    </ClCompile>
    <ClCompile Include="ObjectDetectionService.cpp">
      <Filter>Fichiers sources\core\services\objectdetection</Filter>
    </ClCompile>
    <ClCompile Include="VideoWriterService.cpp">
      <Filter>Fichiers sources\core\services\writer</Filter>
    </ClCompile>
    <ClCompile Include="AugmentedColorButton.cpp">
      <Filter>Fichiers sources\core\services\augmentedinterface</Filter>
    </ClCompile>
    <ClCompile Include="ColorButtonEvent.cpp">
      <Filter>Fichiers sources\core\services\augmentedinterface</Filter>
    </ClCompile>
    <ClCompile Include="AugmentedInterfaceService.cpp">
      <Filter>Fichiers sources\core\services\augmentedinterface</Filter>
    </ClCompile>
    <ClCompile Include="TestEventHandler.cpp">
      <Filter>Fichiers sources</Filter>
    </ClCompile>
    <ClCompile Include="Scaling.cpp">
      <Filter>Fichiers sources\core\services\positioning</Filter>
    </ClCompile>
  </ItemGroup>
  <ItemGroup>
    <None Include="arrow_pattern.jpg">
      <Filter>Fichiers de ressources</Filter>
    </None>
    <None Include="a_pattern.jpg">
      <Filter>Fichiers de ressources</Filter>
    </None>
    <None Include="intrinsic.xml">
      <Filter>Fichiers de ressources</Filter>
    </None>
    <None Include="distortion.xml">
      <Filter>Fichiers de ressources</Filter>
    </None>
    <None Include="arrow_pattern_mod.jpg">
      <Filter>Fichiers de ressources</Filter>
    </None>
  </ItemGroup>
</Project>